// !$*UTF8*$!
{
	archiveVersion = 1;
	classes = {
	};
	objectVersion = 56;
	objects = {

/* Begin PBXBuildFile section */
		221FCD162B0414E00034974C /* Instrument.swift in Sources */ = {isa = PBXBuildFile; fileRef = 221FCD152B0414E00034974C /* Instrument.swift */; };
		2236AD922B052D3E009F44D9 /* Samples in Resources */ = {isa = PBXBuildFile; fileRef = 2236AD912B052D3E009F44D9 /* Samples */; };
		2236AD992B053392009F44D9 /* Octave.swift in Sources */ = {isa = PBXBuildFile; fileRef = 2236AD982B053392009F44D9 /* Octave.swift */; };
		223B3BC92B02BE4E00688043 /* SynthesizerProtocol.swift in Sources */ = {isa = PBXBuildFile; fileRef = 223B3BC82B02BE4E00688043 /* SynthesizerProtocol.swift */; };
		223B3BCB2B02C76C00688043 /* SynthView.swift in Sources */ = {isa = PBXBuildFile; fileRef = 223B3BCA2B02C76C00688043 /* SynthView.swift */; };
		223B3BCD2B02C77F00688043 /* OscillatorData.swift in Sources */ = {isa = PBXBuildFile; fileRef = 223B3BCC2B02C77F00688043 /* OscillatorData.swift */; };
		223B3BCF2B02C78C00688043 /* Synthesizer.swift in Sources */ = {isa = PBXBuildFile; fileRef = 223B3BCE2B02C78C00688043 /* Synthesizer.swift */; };
		223B3BD12B02CFBD00688043 /* EnvSynthView.swift in Sources */ = {isa = PBXBuildFile; fileRef = 223B3BD02B02CFBD00688043 /* EnvSynthView.swift */; };
		223B3BD32B02CFF300688043 /* EnvSynthesizer.swift in Sources */ = {isa = PBXBuildFile; fileRef = 223B3BD22B02CFF300688043 /* EnvSynthesizer.swift */; };
		223B3BD52B02D0D100688043 /* EnvOscillatorData.swift in Sources */ = {isa = PBXBuildFile; fileRef = 223B3BD42B02D0D100688043 /* EnvOscillatorData.swift */; };
		2240AE842AE6B3F1004EFAF8 /* AmpEnvelopeView.swift in Sources */ = {isa = PBXBuildFile; fileRef = 2240AE832AE6B3F1004EFAF8 /* AmpEnvelopeView.swift */; };
		2240AE862AE6F52D004EFAF8 /* WaveformView.swift in Sources */ = {isa = PBXBuildFile; fileRef = 2240AE852AE6F52D004EFAF8 /* WaveformView.swift */; };
		2240AE892AE6FA2F004EFAF8 /* AudioKitUI in Frameworks */ = {isa = PBXBuildFile; productRef = 2240AE882AE6FA2F004EFAF8 /* AudioKitUI */; };
		2240AE8B2AE6FE65004EFAF8 /* MIDISynthesizer+MIDI.swift in Sources */ = {isa = PBXBuildFile; fileRef = 2240AE8A2AE6FE65004EFAF8 /* MIDISynthesizer+MIDI.swift */; };
		22AD30472AD5DBEE002FB295 /* MIDIHelper.swift in Sources */ = {isa = PBXBuildFile; fileRef = 22AD30462AD5DBEE002FB295 /* MIDIHelper.swift */; };
		22AD30492AD5E332002FB295 /* BackgroundView.swift in Sources */ = {isa = PBXBuildFile; fileRef = 22AD30482AD5E332002FB295 /* BackgroundView.swift */; };
		22AD304B2AD5EA55002FB295 /* KeyboardView.swift in Sources */ = {isa = PBXBuildFile; fileRef = 22AD304A2AD5EA55002FB295 /* KeyboardView.swift */; };
		22E669AC2ADEBC4800291A4F /* FilterView.swift in Sources */ = {isa = PBXBuildFile; fileRef = 22E669AB2ADEBC4800291A4F /* FilterView.swift */; };
		22E669AE2ADEBF4F00291A4F /* OctaveView.swift in Sources */ = {isa = PBXBuildFile; fileRef = 22E669AD2ADEBF4F00291A4F /* OctaveView.swift */; };
		22F40E312AD5A14C00885B78 /* SimpleSynthApp.swift in Sources */ = {isa = PBXBuildFile; fileRef = 22F40E302AD5A14C00885B78 /* SimpleSynthApp.swift */; };
		22F40E332AD5A14C00885B78 /* ContentView.swift in Sources */ = {isa = PBXBuildFile; fileRef = 22F40E322AD5A14C00885B78 /* ContentView.swift */; };
		22F40E352AD5A14D00885B78 /* Assets.xcassets in Resources */ = {isa = PBXBuildFile; fileRef = 22F40E342AD5A14D00885B78 /* Assets.xcassets */; };
		22F40E392AD5A14D00885B78 /* Preview Assets.xcassets in Resources */ = {isa = PBXBuildFile; fileRef = 22F40E382AD5A14D00885B78 /* Preview Assets.xcassets */; };
		22F40E432AD5A14D00885B78 /* SimpleSynthTests.swift in Sources */ = {isa = PBXBuildFile; fileRef = 22F40E422AD5A14D00885B78 /* SimpleSynthTests.swift */; };
		22F40E4D2AD5A14D00885B78 /* SimpleSynthUITests.swift in Sources */ = {isa = PBXBuildFile; fileRef = 22F40E4C2AD5A14D00885B78 /* SimpleSynthUITests.swift */; };
		22F40E4F2AD5A14D00885B78 /* SimpleSynthUITestsLaunchTests.swift in Sources */ = {isa = PBXBuildFile; fileRef = 22F40E4E2AD5A14D00885B78 /* SimpleSynthUITestsLaunchTests.swift */; };
		22F40E5D2AD5A2AC00885B78 /* AudioKit in Frameworks */ = {isa = PBXBuildFile; productRef = 22F40E5C2AD5A2AC00885B78 /* AudioKit */; };
		22F40E602AD5A2C000885B78 /* Controls in Frameworks */ = {isa = PBXBuildFile; productRef = 22F40E5F2AD5A2C000885B78 /* Controls */; };
		22F40E632AD5A2D600885B78 /* Keyboard in Frameworks */ = {isa = PBXBuildFile; productRef = 22F40E622AD5A2D600885B78 /* Keyboard */; };
		22F40E662AD5A30800885B78 /* SoundpipeAudioKit in Frameworks */ = {isa = PBXBuildFile; productRef = 22F40E652AD5A30800885B78 /* SoundpipeAudioKit */; };
		22F40E6A2AD5A4AD00885B78 /* MIDIOscillatorData.swift in Sources */ = {isa = PBXBuildFile; fileRef = 22F40E692AD5A4AD00885B78 /* MIDIOscillatorData.swift */; };
		22F40E6C2AD5A55400885B78 /* MIDISynthView.swift in Sources */ = {isa = PBXBuildFile; fileRef = 22F40E6B2AD5A55400885B78 /* MIDISynthView.swift */; };
		22F40E6E2AD5A5E900885B78 /* MIDISynthesizer.swift in Sources */ = {isa = PBXBuildFile; fileRef = 22F40E6D2AD5A5E900885B78 /* MIDISynthesizer.swift */; };
		22FCE6242AE842B200A1E73F /* DunneAudioKit in Frameworks */ = {isa = PBXBuildFile; productRef = 22FCE6232AE842B200A1E73F /* DunneAudioKit */; };
/* End PBXBuildFile section */

/* Begin PBXContainerItemProxy section */
		22F40E3F2AD5A14D00885B78 /* PBXContainerItemProxy */ = {
			isa = PBXContainerItemProxy;
			containerPortal = 22F40E252AD5A14C00885B78 /* Project object */;
			proxyType = 1;
			remoteGlobalIDString = 22F40E2C2AD5A14C00885B78;
			remoteInfo = SimpleSynth;
		};
		22F40E492AD5A14D00885B78 /* PBXContainerItemProxy */ = {
			isa = PBXContainerItemProxy;
			containerPortal = 22F40E252AD5A14C00885B78 /* Project object */;
			proxyType = 1;
			remoteGlobalIDString = 22F40E2C2AD5A14C00885B78;
			remoteInfo = SimpleSynth;
		};
/* End PBXContainerItemProxy section */

/* Begin PBXFileReference section */
		221FCD152B0414E00034974C /* Instrument.swift */ = {isa = PBXFileReference; lastKnownFileType = sourcecode.swift; path = Instrument.swift; sourceTree = "<group>"; };
		2236AD912B052D3E009F44D9 /* Samples */ = {isa = PBXFileReference; lastKnownFileType = folder; name = Samples; path = SimpleSynth/Samples; sourceTree = "<group>"; };
		2236AD982B053392009F44D9 /* Octave.swift */ = {isa = PBXFileReference; lastKnownFileType = sourcecode.swift; path = Octave.swift; sourceTree = "<group>"; };
		223B3BC82B02BE4E00688043 /* SynthesizerProtocol.swift */ = {isa = PBXFileReference; lastKnownFileType = sourcecode.swift; path = SynthesizerProtocol.swift; sourceTree = "<group>"; };
		223B3BCA2B02C76C00688043 /* SynthView.swift */ = {isa = PBXFileReference; lastKnownFileType = sourcecode.swift; path = SynthView.swift; sourceTree = "<group>"; };
		223B3BCC2B02C77F00688043 /* OscillatorData.swift */ = {isa = PBXFileReference; lastKnownFileType = sourcecode.swift; path = OscillatorData.swift; sourceTree = "<group>"; };
		223B3BCE2B02C78C00688043 /* Synthesizer.swift */ = {isa = PBXFileReference; lastKnownFileType = sourcecode.swift; path = Synthesizer.swift; sourceTree = "<group>"; };
		223B3BD02B02CFBD00688043 /* EnvSynthView.swift */ = {isa = PBXFileReference; lastKnownFileType = sourcecode.swift; path = EnvSynthView.swift; sourceTree = "<group>"; };
		223B3BD22B02CFF300688043 /* EnvSynthesizer.swift */ = {isa = PBXFileReference; lastKnownFileType = sourcecode.swift; path = EnvSynthesizer.swift; sourceTree = "<group>"; };
		223B3BD42B02D0D100688043 /* EnvOscillatorData.swift */ = {isa = PBXFileReference; lastKnownFileType = sourcecode.swift; path = EnvOscillatorData.swift; sourceTree = "<group>"; };
		2240AE832AE6B3F1004EFAF8 /* AmpEnvelopeView.swift */ = {isa = PBXFileReference; lastKnownFileType = sourcecode.swift; path = AmpEnvelopeView.swift; sourceTree = "<group>"; };
		2240AE852AE6F52D004EFAF8 /* WaveformView.swift */ = {isa = PBXFileReference; lastKnownFileType = sourcecode.swift; path = WaveformView.swift; sourceTree = "<group>"; };
		2240AE8A2AE6FE65004EFAF8 /* MIDISynthesizer+MIDI.swift */ = {isa = PBXFileReference; lastKnownFileType = sourcecode.swift; path = "MIDISynthesizer+MIDI.swift"; sourceTree = "<group>"; };
		22AD30462AD5DBEE002FB295 /* MIDIHelper.swift */ = {isa = PBXFileReference; lastKnownFileType = sourcecode.swift; path = MIDIHelper.swift; sourceTree = "<group>"; };
		22AD30482AD5E332002FB295 /* BackgroundView.swift */ = {isa = PBXFileReference; lastKnownFileType = sourcecode.swift; path = BackgroundView.swift; sourceTree = "<group>"; };
		22AD304A2AD5EA55002FB295 /* KeyboardView.swift */ = {isa = PBXFileReference; lastKnownFileType = sourcecode.swift; path = KeyboardView.swift; sourceTree = "<group>"; };
		22E669AB2ADEBC4800291A4F /* FilterView.swift */ = {isa = PBXFileReference; lastKnownFileType = sourcecode.swift; path = FilterView.swift; sourceTree = "<group>"; };
		22E669AD2ADEBF4F00291A4F /* OctaveView.swift */ = {isa = PBXFileReference; lastKnownFileType = sourcecode.swift; path = OctaveView.swift; sourceTree = "<group>"; };
		22F40E2D2AD5A14C00885B78 /* SimpleSynth.app */ = {isa = PBXFileReference; explicitFileType = wrapper.application; includeInIndex = 0; path = SimpleSynth.app; sourceTree = BUILT_PRODUCTS_DIR; };
		22F40E302AD5A14C00885B78 /* SimpleSynthApp.swift */ = {isa = PBXFileReference; lastKnownFileType = sourcecode.swift; path = SimpleSynthApp.swift; sourceTree = "<group>"; };
		22F40E322AD5A14C00885B78 /* ContentView.swift */ = {isa = PBXFileReference; lastKnownFileType = sourcecode.swift; path = ContentView.swift; sourceTree = "<group>"; };
		22F40E342AD5A14D00885B78 /* Assets.xcassets */ = {isa = PBXFileReference; lastKnownFileType = folder.assetcatalog; path = Assets.xcassets; sourceTree = "<group>"; };
		22F40E362AD5A14D00885B78 /* SimpleSynth.entitlements */ = {isa = PBXFileReference; lastKnownFileType = text.plist.entitlements; path = SimpleSynth.entitlements; sourceTree = "<group>"; };
		22F40E382AD5A14D00885B78 /* Preview Assets.xcassets */ = {isa = PBXFileReference; lastKnownFileType = folder.assetcatalog; path = "Preview Assets.xcassets"; sourceTree = "<group>"; };
		22F40E3E2AD5A14D00885B78 /* SimpleSynthTests.xctest */ = {isa = PBXFileReference; explicitFileType = wrapper.cfbundle; includeInIndex = 0; path = SimpleSynthTests.xctest; sourceTree = BUILT_PRODUCTS_DIR; };
		22F40E422AD5A14D00885B78 /* SimpleSynthTests.swift */ = {isa = PBXFileReference; lastKnownFileType = sourcecode.swift; path = SimpleSynthTests.swift; sourceTree = "<group>"; };
		22F40E482AD5A14D00885B78 /* SimpleSynthUITests.xctest */ = {isa = PBXFileReference; explicitFileType = wrapper.cfbundle; includeInIndex = 0; path = SimpleSynthUITests.xctest; sourceTree = BUILT_PRODUCTS_DIR; };
		22F40E4C2AD5A14D00885B78 /* SimpleSynthUITests.swift */ = {isa = PBXFileReference; lastKnownFileType = sourcecode.swift; path = SimpleSynthUITests.swift; sourceTree = "<group>"; };
		22F40E4E2AD5A14D00885B78 /* SimpleSynthUITestsLaunchTests.swift */ = {isa = PBXFileReference; lastKnownFileType = sourcecode.swift; path = SimpleSynthUITestsLaunchTests.swift; sourceTree = "<group>"; };
		22F40E692AD5A4AD00885B78 /* MIDIOscillatorData.swift */ = {isa = PBXFileReference; lastKnownFileType = sourcecode.swift; path = MIDIOscillatorData.swift; sourceTree = "<group>"; };
		22F40E6B2AD5A55400885B78 /* MIDISynthView.swift */ = {isa = PBXFileReference; lastKnownFileType = sourcecode.swift; path = MIDISynthView.swift; sourceTree = "<group>"; };
		22F40E6D2AD5A5E900885B78 /* MIDISynthesizer.swift */ = {isa = PBXFileReference; lastKnownFileType = sourcecode.swift; path = MIDISynthesizer.swift; sourceTree = "<group>"; };
/* End PBXFileReference section */

/* Begin PBXFrameworksBuildPhase section */
		22F40E2A2AD5A14C00885B78 /* Frameworks */ = {
			isa = PBXFrameworksBuildPhase;
			buildActionMask = 2147483647;
			files = (
				22F40E632AD5A2D600885B78 /* Keyboard in Frameworks */,
				2240AE892AE6FA2F004EFAF8 /* AudioKitUI in Frameworks */,
				22F40E602AD5A2C000885B78 /* Controls in Frameworks */,
				22F40E662AD5A30800885B78 /* SoundpipeAudioKit in Frameworks */,
				22F40E5D2AD5A2AC00885B78 /* AudioKit in Frameworks */,
				22FCE6242AE842B200A1E73F /* DunneAudioKit in Frameworks */,
			);
			runOnlyForDeploymentPostprocessing = 0;
		};
		22F40E3B2AD5A14D00885B78 /* Frameworks */ = {
			isa = PBXFrameworksBuildPhase;
			buildActionMask = 2147483647;
			files = (
			);
			runOnlyForDeploymentPostprocessing = 0;
		};
		22F40E452AD5A14D00885B78 /* Frameworks */ = {
			isa = PBXFrameworksBuildPhase;
			buildActionMask = 2147483647;
			files = (
			);
			runOnlyForDeploymentPostprocessing = 0;
		};
/* End PBXFrameworksBuildPhase section */

/* Begin PBXGroup section */
		223B3BC42B02BB6600688043 /* Shared */ = {
			isa = PBXGroup;
			children = (
				22F40E322AD5A14C00885B78 /* ContentView.swift */,
				22AD30482AD5E332002FB295 /* BackgroundView.swift */,
				22AD304A2AD5EA55002FB295 /* KeyboardView.swift */,
				22E669AD2ADEBF4F00291A4F /* OctaveView.swift */,
				22E669AB2ADEBC4800291A4F /* FilterView.swift */,
				2240AE832AE6B3F1004EFAF8 /* AmpEnvelopeView.swift */,
				2240AE852AE6F52D004EFAF8 /* WaveformView.swift */,
				223B3BC82B02BE4E00688043 /* SynthesizerProtocol.swift */,
				221FCD152B0414E00034974C /* Instrument.swift */,
				2236AD982B053392009F44D9 /* Octave.swift */,
			);
			path = Shared;
			sourceTree = "<group>";
		};
		223B3BC52B02BBA000688043 /* 1 - Basic Synth */ = {
			isa = PBXGroup;
			children = (
				223B3BCA2B02C76C00688043 /* SynthView.swift */,
				223B3BCC2B02C77F00688043 /* OscillatorData.swift */,
				223B3BCE2B02C78C00688043 /* Synthesizer.swift */,
			);
			path = "1 - Basic Synth";
			sourceTree = "<group>";
		};
		223B3BC62B02BBB000688043 /* 2 - Synth with Envelope */ = {
			isa = PBXGroup;
			children = (
				223B3BD02B02CFBD00688043 /* EnvSynthView.swift */,
				223B3BD42B02D0D100688043 /* EnvOscillatorData.swift */,
				223B3BD22B02CFF300688043 /* EnvSynthesizer.swift */,
			);
			path = "2 - Synth with Envelope";
			sourceTree = "<group>";
		};
		223B3BC72B02BBBD00688043 /* 3 - Synth with MIDI */ = {
			isa = PBXGroup;
			children = (
				22F40E6B2AD5A55400885B78 /* MIDISynthView.swift */,
				22F40E692AD5A4AD00885B78 /* MIDIOscillatorData.swift */,
				22F40E6D2AD5A5E900885B78 /* MIDISynthesizer.swift */,
				2240AE8A2AE6FE65004EFAF8 /* MIDISynthesizer+MIDI.swift */,
			);
			path = "3 - Synth with MIDI";
			sourceTree = "<group>";
		};
		22AD30452AD5DBCD002FB295 /* Helpers */ = {
			isa = PBXGroup;
			children = (
				22AD30462AD5DBEE002FB295 /* MIDIHelper.swift */,
			);
			path = Helpers;
			sourceTree = "<group>";
		};
		22F40E242AD5A14C00885B78 = {
			isa = PBXGroup;
			children = (
				22F40E2F2AD5A14C00885B78 /* SimpleSynth */,
				2236AD912B052D3E009F44D9 /* Samples */,
				22F40E412AD5A14D00885B78 /* SimpleSynthTests */,
				22F40E4B2AD5A14D00885B78 /* SimpleSynthUITests */,
				22F40E2E2AD5A14C00885B78 /* Products */,
			);
			sourceTree = "<group>";
		};
		22F40E2E2AD5A14C00885B78 /* Products */ = {
			isa = PBXGroup;
			children = (
				22F40E2D2AD5A14C00885B78 /* SimpleSynth.app */,
				22F40E3E2AD5A14D00885B78 /* SimpleSynthTests.xctest */,
				22F40E482AD5A14D00885B78 /* SimpleSynthUITests.xctest */,
			);
			name = Products;
			sourceTree = "<group>";
		};
		22F40E2F2AD5A14C00885B78 /* SimpleSynth */ = {
			isa = PBXGroup;
			children = (
				22AD30452AD5DBCD002FB295 /* Helpers */,
				22F40E682AD5A3FE00885B78 /* Views */,
				22F40E302AD5A14C00885B78 /* SimpleSynthApp.swift */,
				22F40E342AD5A14D00885B78 /* Assets.xcassets */,
				22F40E362AD5A14D00885B78 /* SimpleSynth.entitlements */,
				22F40E372AD5A14D00885B78 /* Preview Content */,
			);
			path = SimpleSynth;
			sourceTree = "<group>";
		};
		22F40E372AD5A14D00885B78 /* Preview Content */ = {
			isa = PBXGroup;
			children = (
				22F40E382AD5A14D00885B78 /* Preview Assets.xcassets */,
			);
			path = "Preview Content";
			sourceTree = "<group>";
		};
		22F40E412AD5A14D00885B78 /* SimpleSynthTests */ = {
			isa = PBXGroup;
			children = (
				22F40E422AD5A14D00885B78 /* SimpleSynthTests.swift */,
			);
			path = SimpleSynthTests;
			sourceTree = "<group>";
		};
		22F40E4B2AD5A14D00885B78 /* SimpleSynthUITests */ = {
			isa = PBXGroup;
			children = (
				22F40E4C2AD5A14D00885B78 /* SimpleSynthUITests.swift */,
				22F40E4E2AD5A14D00885B78 /* SimpleSynthUITestsLaunchTests.swift */,
			);
			path = SimpleSynthUITests;
			sourceTree = "<group>";
		};
		22F40E682AD5A3FE00885B78 /* Views */ = {
			isa = PBXGroup;
			children = (
				223B3BC52B02BBA000688043 /* 1 - Basic Synth */,
				223B3BC62B02BBB000688043 /* 2 - Synth with Envelope */,
				223B3BC72B02BBBD00688043 /* 3 - Synth with MIDI */,
				223B3BC42B02BB6600688043 /* Shared */,
			);
			path = Views;
			sourceTree = "<group>";
		};
/* End PBXGroup section */

/* Begin PBXNativeTarget section */
		22F40E2C2AD5A14C00885B78 /* SimpleSynth */ = {
			isa = PBXNativeTarget;
			buildConfigurationList = 22F40E522AD5A14D00885B78 /* Build configuration list for PBXNativeTarget "SimpleSynth" */;
			buildPhases = (
				22F40E292AD5A14C00885B78 /* Sources */,
				22F40E2A2AD5A14C00885B78 /* Frameworks */,
				22F40E2B2AD5A14C00885B78 /* Resources */,
			);
			buildRules = (
			);
			dependencies = (
			);
			name = SimpleSynth;
			packageProductDependencies = (
				22F40E5C2AD5A2AC00885B78 /* AudioKit */,
				22F40E5F2AD5A2C000885B78 /* Controls */,
				22F40E622AD5A2D600885B78 /* Keyboard */,
				22F40E652AD5A30800885B78 /* SoundpipeAudioKit */,
				2240AE882AE6FA2F004EFAF8 /* AudioKitUI */,
				22FCE6232AE842B200A1E73F /* DunneAudioKit */,
			);
			productName = SimpleSynth;
			productReference = 22F40E2D2AD5A14C00885B78 /* SimpleSynth.app */;
			productType = "com.apple.product-type.application";
		};
		22F40E3D2AD5A14D00885B78 /* SimpleSynthTests */ = {
			isa = PBXNativeTarget;
			buildConfigurationList = 22F40E552AD5A14D00885B78 /* Build configuration list for PBXNativeTarget "SimpleSynthTests" */;
			buildPhases = (
				22F40E3A2AD5A14D00885B78 /* Sources */,
				22F40E3B2AD5A14D00885B78 /* Frameworks */,
				22F40E3C2AD5A14D00885B78 /* Resources */,
			);
			buildRules = (
			);
			dependencies = (
				22F40E402AD5A14D00885B78 /* PBXTargetDependency */,
			);
			name = SimpleSynthTests;
			productName = SimpleSynthTests;
			productReference = 22F40E3E2AD5A14D00885B78 /* SimpleSynthTests.xctest */;
			productType = "com.apple.product-type.bundle.unit-test";
		};
		22F40E472AD5A14D00885B78 /* SimpleSynthUITests */ = {
			isa = PBXNativeTarget;
			buildConfigurationList = 22F40E582AD5A14D00885B78 /* Build configuration list for PBXNativeTarget "SimpleSynthUITests" */;
			buildPhases = (
				22F40E442AD5A14D00885B78 /* Sources */,
				22F40E452AD5A14D00885B78 /* Frameworks */,
				22F40E462AD5A14D00885B78 /* Resources */,
			);
			buildRules = (
			);
			dependencies = (
				22F40E4A2AD5A14D00885B78 /* PBXTargetDependency */,
			);
			name = SimpleSynthUITests;
			productName = SimpleSynthUITests;
			productReference = 22F40E482AD5A14D00885B78 /* SimpleSynthUITests.xctest */;
			productType = "com.apple.product-type.bundle.ui-testing";
		};
/* End PBXNativeTarget section */

/* Begin PBXProject section */
		22F40E252AD5A14C00885B78 /* Project object */ = {
			isa = PBXProject;
			attributes = {
				BuildIndependentTargetsInParallel = 1;
				LastSwiftUpdateCheck = 1500;
				LastUpgradeCheck = 1500;
				TargetAttributes = {
					22F40E2C2AD5A14C00885B78 = {
						CreatedOnToolsVersion = 15.0;
					};
					22F40E3D2AD5A14D00885B78 = {
						CreatedOnToolsVersion = 15.0;
						TestTargetID = 22F40E2C2AD5A14C00885B78;
					};
					22F40E472AD5A14D00885B78 = {
						CreatedOnToolsVersion = 15.0;
						TestTargetID = 22F40E2C2AD5A14C00885B78;
					};
				};
			};
			buildConfigurationList = 22F40E282AD5A14C00885B78 /* Build configuration list for PBXProject "SimpleSynth" */;
			compatibilityVersion = "Xcode 14.0";
			developmentRegion = en;
			hasScannedForEncodings = 0;
			knownRegions = (
				en,
				Base,
			);
			mainGroup = 22F40E242AD5A14C00885B78;
			packageReferences = (
				22F40E5B2AD5A2AC00885B78 /* XCRemoteSwiftPackageReference "AudioKit" */,
				22F40E5E2AD5A2C000885B78 /* XCRemoteSwiftPackageReference "Controls" */,
				22F40E612AD5A2D600885B78 /* XCRemoteSwiftPackageReference "Keyboard" */,
				22F40E642AD5A30800885B78 /* XCRemoteSwiftPackageReference "SoundpipeAudioKit" */,
				2240AE872AE6FA2F004EFAF8 /* XCRemoteSwiftPackageReference "AudioKitUI" */,
				22FCE6222AE842B200A1E73F /* XCRemoteSwiftPackageReference "DunneAudioKit" */,
			);
			productRefGroup = 22F40E2E2AD5A14C00885B78 /* Products */;
			projectDirPath = "";
			projectRoot = "";
			targets = (
				22F40E2C2AD5A14C00885B78 /* SimpleSynth */,
				22F40E3D2AD5A14D00885B78 /* SimpleSynthTests */,
				22F40E472AD5A14D00885B78 /* SimpleSynthUITests */,
			);
		};
/* End PBXProject section */

/* Begin PBXResourcesBuildPhase section */
		22F40E2B2AD5A14C00885B78 /* Resources */ = {
			isa = PBXResourcesBuildPhase;
			buildActionMask = 2147483647;
			files = (
				2236AD922B052D3E009F44D9 /* Samples in Resources */,
				22F40E392AD5A14D00885B78 /* Preview Assets.xcassets in Resources */,
				22F40E352AD5A14D00885B78 /* Assets.xcassets in Resources */,
			);
			runOnlyForDeploymentPostprocessing = 0;
		};
		22F40E3C2AD5A14D00885B78 /* Resources */ = {
			isa = PBXResourcesBuildPhase;
			buildActionMask = 2147483647;
			files = (
			);
			runOnlyForDeploymentPostprocessing = 0;
		};
		22F40E462AD5A14D00885B78 /* Resources */ = {
			isa = PBXResourcesBuildPhase;
			buildActionMask = 2147483647;
			files = (
			);
			runOnlyForDeploymentPostprocessing = 0;
		};
/* End PBXResourcesBuildPhase section */

/* Begin PBXSourcesBuildPhase section */
		22F40E292AD5A14C00885B78 /* Sources */ = {
			isa = PBXSourcesBuildPhase;
			buildActionMask = 2147483647;
			files = (
				223B3BC92B02BE4E00688043 /* SynthesizerProtocol.swift in Sources */,
				22E669AE2ADEBF4F00291A4F /* OctaveView.swift in Sources */,
				223B3BCF2B02C78C00688043 /* Synthesizer.swift in Sources */,
				22AD30472AD5DBEE002FB295 /* MIDIHelper.swift in Sources */,
				22AD304B2AD5EA55002FB295 /* KeyboardView.swift in Sources */,
				22F40E6E2AD5A5E900885B78 /* MIDISynthesizer.swift in Sources */,
				223B3BCD2B02C77F00688043 /* OscillatorData.swift in Sources */,
				221FCD162B0414E00034974C /* Instrument.swift in Sources */,
				2236AD992B053392009F44D9 /* Octave.swift in Sources */,
				223B3BD52B02D0D100688043 /* EnvOscillatorData.swift in Sources */,
				223B3BD32B02CFF300688043 /* EnvSynthesizer.swift in Sources */,
				22F40E332AD5A14C00885B78 /* ContentView.swift in Sources */,
				22E669AC2ADEBC4800291A4F /* FilterView.swift in Sources */,
				2240AE842AE6B3F1004EFAF8 /* AmpEnvelopeView.swift in Sources */,
				2240AE8B2AE6FE65004EFAF8 /* MIDISynthesizer+MIDI.swift in Sources */,
				22AD30492AD5E332002FB295 /* BackgroundView.swift in Sources */,
				223B3BD12B02CFBD00688043 /* EnvSynthView.swift in Sources */,
				223B3BCB2B02C76C00688043 /* SynthView.swift in Sources */,
				22F40E6A2AD5A4AD00885B78 /* MIDIOscillatorData.swift in Sources */,
				22F40E312AD5A14C00885B78 /* SimpleSynthApp.swift in Sources */,
				22F40E6C2AD5A55400885B78 /* MIDISynthView.swift in Sources */,
				2240AE862AE6F52D004EFAF8 /* WaveformView.swift in Sources */,
			);
			runOnlyForDeploymentPostprocessing = 0;
		};
		22F40E3A2AD5A14D00885B78 /* Sources */ = {
			isa = PBXSourcesBuildPhase;
			buildActionMask = 2147483647;
			files = (
				22F40E432AD5A14D00885B78 /* SimpleSynthTests.swift in Sources */,
			);
			runOnlyForDeploymentPostprocessing = 0;
		};
		22F40E442AD5A14D00885B78 /* Sources */ = {
			isa = PBXSourcesBuildPhase;
			buildActionMask = 2147483647;
			files = (
				22F40E4D2AD5A14D00885B78 /* SimpleSynthUITests.swift in Sources */,
				22F40E4F2AD5A14D00885B78 /* SimpleSynthUITestsLaunchTests.swift in Sources */,
			);
			runOnlyForDeploymentPostprocessing = 0;
		};
/* End PBXSourcesBuildPhase section */

/* Begin PBXTargetDependency section */
		22F40E402AD5A14D00885B78 /* PBXTargetDependency */ = {
			isa = PBXTargetDependency;
			target = 22F40E2C2AD5A14C00885B78 /* SimpleSynth */;
			targetProxy = 22F40E3F2AD5A14D00885B78 /* PBXContainerItemProxy */;
		};
		22F40E4A2AD5A14D00885B78 /* PBXTargetDependency */ = {
			isa = PBXTargetDependency;
			target = 22F40E2C2AD5A14C00885B78 /* SimpleSynth */;
			targetProxy = 22F40E492AD5A14D00885B78 /* PBXContainerItemProxy */;
		};
/* End PBXTargetDependency section */

/* Begin XCBuildConfiguration section */
		22F40E502AD5A14D00885B78 /* Debug */ = {
			isa = XCBuildConfiguration;
			buildSettings = {
				ALWAYS_SEARCH_USER_PATHS = NO;
				ASSETCATALOG_COMPILER_GENERATE_SWIFT_ASSET_SYMBOL_EXTENSIONS = YES;
				CLANG_ANALYZER_NONNULL = YES;
				CLANG_ANALYZER_NUMBER_OBJECT_CONVERSION = YES_AGGRESSIVE;
				CLANG_CXX_LANGUAGE_STANDARD = "gnu++20";
				CLANG_ENABLE_MODULES = YES;
				CLANG_ENABLE_OBJC_ARC = YES;
				CLANG_ENABLE_OBJC_WEAK = YES;
				CLANG_WARN_BLOCK_CAPTURE_AUTORELEASING = YES;
				CLANG_WARN_BOOL_CONVERSION = YES;
				CLANG_WARN_COMMA = YES;
				CLANG_WARN_CONSTANT_CONVERSION = YES;
				CLANG_WARN_DEPRECATED_OBJC_IMPLEMENTATIONS = YES;
				CLANG_WARN_DIRECT_OBJC_ISA_USAGE = YES_ERROR;
				CLANG_WARN_DOCUMENTATION_COMMENTS = YES;
				CLANG_WARN_EMPTY_BODY = YES;
				CLANG_WARN_ENUM_CONVERSION = YES;
				CLANG_WARN_INFINITE_RECURSION = YES;
				CLANG_WARN_INT_CONVERSION = YES;
				CLANG_WARN_NON_LITERAL_NULL_CONVERSION = YES;
				CLANG_WARN_OBJC_IMPLICIT_RETAIN_SELF = YES;
				CLANG_WARN_OBJC_LITERAL_CONVERSION = YES;
				CLANG_WARN_OBJC_ROOT_CLASS = YES_ERROR;
				CLANG_WARN_QUOTED_INCLUDE_IN_FRAMEWORK_HEADER = YES;
				CLANG_WARN_RANGE_LOOP_ANALYSIS = YES;
				CLANG_WARN_STRICT_PROTOTYPES = YES;
				CLANG_WARN_SUSPICIOUS_MOVE = YES;
				CLANG_WARN_UNGUARDED_AVAILABILITY = YES_AGGRESSIVE;
				CLANG_WARN_UNREACHABLE_CODE = YES;
				CLANG_WARN__DUPLICATE_METHOD_MATCH = YES;
				COPY_PHASE_STRIP = NO;
				DEBUG_INFORMATION_FORMAT = dwarf;
				ENABLE_STRICT_OBJC_MSGSEND = YES;
				ENABLE_TESTABILITY = YES;
				ENABLE_USER_SCRIPT_SANDBOXING = YES;
				GCC_C_LANGUAGE_STANDARD = gnu17;
				GCC_DYNAMIC_NO_PIC = NO;
				GCC_NO_COMMON_BLOCKS = YES;
				GCC_OPTIMIZATION_LEVEL = 0;
				GCC_PREPROCESSOR_DEFINITIONS = (
					"DEBUG=1",
					"$(inherited)",
				);
				GCC_WARN_64_TO_32_BIT_CONVERSION = YES;
				GCC_WARN_ABOUT_RETURN_TYPE = YES_ERROR;
				GCC_WARN_UNDECLARED_SELECTOR = YES;
				GCC_WARN_UNINITIALIZED_AUTOS = YES_AGGRESSIVE;
				GCC_WARN_UNUSED_FUNCTION = YES;
				GCC_WARN_UNUSED_VARIABLE = YES;
				LOCALIZATION_PREFERS_STRING_CATALOGS = YES;
				MTL_ENABLE_DEBUG_INFO = INCLUDE_SOURCE;
				MTL_FAST_MATH = YES;
				ONLY_ACTIVE_ARCH = YES;
				SWIFT_ACTIVE_COMPILATION_CONDITIONS = "DEBUG $(inherited)";
				SWIFT_OPTIMIZATION_LEVEL = "-Onone";
			};
			name = Debug;
		};
		22F40E512AD5A14D00885B78 /* Release */ = {
			isa = XCBuildConfiguration;
			buildSettings = {
				ALWAYS_SEARCH_USER_PATHS = NO;
				ASSETCATALOG_COMPILER_GENERATE_SWIFT_ASSET_SYMBOL_EXTENSIONS = YES;
				CLANG_ANALYZER_NONNULL = YES;
				CLANG_ANALYZER_NUMBER_OBJECT_CONVERSION = YES_AGGRESSIVE;
				CLANG_CXX_LANGUAGE_STANDARD = "gnu++20";
				CLANG_ENABLE_MODULES = YES;
				CLANG_ENABLE_OBJC_ARC = YES;
				CLANG_ENABLE_OBJC_WEAK = YES;
				CLANG_WARN_BLOCK_CAPTURE_AUTORELEASING = YES;
				CLANG_WARN_BOOL_CONVERSION = YES;
				CLANG_WARN_COMMA = YES;
				CLANG_WARN_CONSTANT_CONVERSION = YES;
				CLANG_WARN_DEPRECATED_OBJC_IMPLEMENTATIONS = YES;
				CLANG_WARN_DIRECT_OBJC_ISA_USAGE = YES_ERROR;
				CLANG_WARN_DOCUMENTATION_COMMENTS = YES;
				CLANG_WARN_EMPTY_BODY = YES;
				CLANG_WARN_ENUM_CONVERSION = YES;
				CLANG_WARN_INFINITE_RECURSION = YES;
				CLANG_WARN_INT_CONVERSION = YES;
				CLANG_WARN_NON_LITERAL_NULL_CONVERSION = YES;
				CLANG_WARN_OBJC_IMPLICIT_RETAIN_SELF = YES;
				CLANG_WARN_OBJC_LITERAL_CONVERSION = YES;
				CLANG_WARN_OBJC_ROOT_CLASS = YES_ERROR;
				CLANG_WARN_QUOTED_INCLUDE_IN_FRAMEWORK_HEADER = YES;
				CLANG_WARN_RANGE_LOOP_ANALYSIS = YES;
				CLANG_WARN_STRICT_PROTOTYPES = YES;
				CLANG_WARN_SUSPICIOUS_MOVE = YES;
				CLANG_WARN_UNGUARDED_AVAILABILITY = YES_AGGRESSIVE;
				CLANG_WARN_UNREACHABLE_CODE = YES;
				CLANG_WARN__DUPLICATE_METHOD_MATCH = YES;
				COPY_PHASE_STRIP = NO;
				DEBUG_INFORMATION_FORMAT = "dwarf-with-dsym";
				ENABLE_NS_ASSERTIONS = NO;
				ENABLE_STRICT_OBJC_MSGSEND = YES;
				ENABLE_USER_SCRIPT_SANDBOXING = YES;
				GCC_C_LANGUAGE_STANDARD = gnu17;
				GCC_NO_COMMON_BLOCKS = YES;
				GCC_WARN_64_TO_32_BIT_CONVERSION = YES;
				GCC_WARN_ABOUT_RETURN_TYPE = YES_ERROR;
				GCC_WARN_UNDECLARED_SELECTOR = YES;
				GCC_WARN_UNINITIALIZED_AUTOS = YES_AGGRESSIVE;
				GCC_WARN_UNUSED_FUNCTION = YES;
				GCC_WARN_UNUSED_VARIABLE = YES;
				LOCALIZATION_PREFERS_STRING_CATALOGS = YES;
				MTL_ENABLE_DEBUG_INFO = NO;
				MTL_FAST_MATH = YES;
				SWIFT_COMPILATION_MODE = wholemodule;
			};
			name = Release;
		};
		22F40E532AD5A14D00885B78 /* Debug */ = {
			isa = XCBuildConfiguration;
			buildSettings = {
				ASSETCATALOG_COMPILER_APPICON_NAME = AppIcon;
				ASSETCATALOG_COMPILER_GLOBAL_ACCENT_COLOR_NAME = AccentColor;
				CODE_SIGN_ENTITLEMENTS = SimpleSynth/SimpleSynth.entitlements;
				"CODE_SIGN_IDENTITY[sdk=macosx*]" = "-";
				CODE_SIGN_STYLE = Automatic;
				CURRENT_PROJECT_VERSION = 1;
				DEVELOPMENT_ASSET_PATHS = "\"SimpleSynth/Preview Content\"";
				DEVELOPMENT_TEAM = 3X7YGW6S68;
				ENABLE_HARDENED_RUNTIME = YES;
				ENABLE_PREVIEWS = YES;
				GENERATE_INFOPLIST_FILE = YES;
				INFOPLIST_KEY_CFBundleDisplayName = SimpleSynth;
				INFOPLIST_KEY_LSApplicationCategoryType = "public.app-category.music";
				"INFOPLIST_KEY_UIApplicationSceneManifest_Generation[sdk=iphoneos*]" = YES;
				"INFOPLIST_KEY_UIApplicationSceneManifest_Generation[sdk=iphonesimulator*]" = YES;
				"INFOPLIST_KEY_UIApplicationSupportsIndirectInputEvents[sdk=iphoneos*]" = YES;
				"INFOPLIST_KEY_UIApplicationSupportsIndirectInputEvents[sdk=iphonesimulator*]" = YES;
				"INFOPLIST_KEY_UILaunchScreen_Generation[sdk=iphoneos*]" = YES;
				"INFOPLIST_KEY_UILaunchScreen_Generation[sdk=iphonesimulator*]" = YES;
				"INFOPLIST_KEY_UIStatusBarStyle[sdk=iphoneos*]" = UIStatusBarStyleDefault;
				"INFOPLIST_KEY_UIStatusBarStyle[sdk=iphonesimulator*]" = UIStatusBarStyleDefault;
				INFOPLIST_KEY_UISupportedInterfaceOrientations_iPad = "UIInterfaceOrientationPortrait UIInterfaceOrientationPortraitUpsideDown UIInterfaceOrientationLandscapeLeft UIInterfaceOrientationLandscapeRight";
				INFOPLIST_KEY_UISupportedInterfaceOrientations_iPhone = "UIInterfaceOrientationPortrait UIInterfaceOrientationLandscapeLeft UIInterfaceOrientationLandscapeRight";
				IPHONEOS_DEPLOYMENT_TARGET = 17.0;
				LD_RUNPATH_SEARCH_PATHS = "@executable_path/Frameworks";
				"LD_RUNPATH_SEARCH_PATHS[sdk=macosx*]" = "@executable_path/../Frameworks";
				MACOSX_DEPLOYMENT_TARGET = 13.5;
				MARKETING_VERSION = 1.0;
				PRODUCT_BUNDLE_IDENTIFIER = com.timgourley.SimpleSynthWithMidi;
				PRODUCT_NAME = "$(TARGET_NAME)";
				SDKROOT = auto;
				SUPPORTED_PLATFORMS = "iphoneos iphonesimulator macosx";
				SWIFT_EMIT_LOC_STRINGS = YES;
				SWIFT_VERSION = 5.0;
				TARGETED_DEVICE_FAMILY = "1,2";
			};
			name = Debug;
		};
		22F40E542AD5A14D00885B78 /* Release */ = {
			isa = XCBuildConfiguration;
			buildSettings = {
				ASSETCATALOG_COMPILER_APPICON_NAME = AppIcon;
				ASSETCATALOG_COMPILER_GLOBAL_ACCENT_COLOR_NAME = AccentColor;
				CODE_SIGN_ENTITLEMENTS = SimpleSynth/SimpleSynth.entitlements;
				"CODE_SIGN_IDENTITY[sdk=macosx*]" = "-";
				CODE_SIGN_STYLE = Automatic;
				CURRENT_PROJECT_VERSION = 1;
				DEVELOPMENT_ASSET_PATHS = "\"SimpleSynth/Preview Content\"";
				DEVELOPMENT_TEAM = 3X7YGW6S68;
				ENABLE_HARDENED_RUNTIME = YES;
				ENABLE_PREVIEWS = YES;
				GENERATE_INFOPLIST_FILE = YES;
				INFOPLIST_KEY_CFBundleDisplayName = SimpleSynth;
				INFOPLIST_KEY_LSApplicationCategoryType = "public.app-category.music";
				"INFOPLIST_KEY_UIApplicationSceneManifest_Generation[sdk=iphoneos*]" = YES;
				"INFOPLIST_KEY_UIApplicationSceneManifest_Generation[sdk=iphonesimulator*]" = YES;
				"INFOPLIST_KEY_UIApplicationSupportsIndirectInputEvents[sdk=iphoneos*]" = YES;
				"INFOPLIST_KEY_UIApplicationSupportsIndirectInputEvents[sdk=iphonesimulator*]" = YES;
				"INFOPLIST_KEY_UILaunchScreen_Generation[sdk=iphoneos*]" = YES;
				"INFOPLIST_KEY_UILaunchScreen_Generation[sdk=iphonesimulator*]" = YES;
				"INFOPLIST_KEY_UIStatusBarStyle[sdk=iphoneos*]" = UIStatusBarStyleDefault;
				"INFOPLIST_KEY_UIStatusBarStyle[sdk=iphonesimulator*]" = UIStatusBarStyleDefault;
				INFOPLIST_KEY_UISupportedInterfaceOrientations_iPad = "UIInterfaceOrientationPortrait UIInterfaceOrientationPortraitUpsideDown UIInterfaceOrientationLandscapeLeft UIInterfaceOrientationLandscapeRight";
				INFOPLIST_KEY_UISupportedInterfaceOrientations_iPhone = "UIInterfaceOrientationPortrait UIInterfaceOrientationLandscapeLeft UIInterfaceOrientationLandscapeRight";
				IPHONEOS_DEPLOYMENT_TARGET = 17.0;
				LD_RUNPATH_SEARCH_PATHS = "@executable_path/Frameworks";
				"LD_RUNPATH_SEARCH_PATHS[sdk=macosx*]" = "@executable_path/../Frameworks";
				MACOSX_DEPLOYMENT_TARGET = 13.5;
				MARKETING_VERSION = 1.0;
				PRODUCT_BUNDLE_IDENTIFIER = com.timgourley.SimpleSynthWithMidi;
				PRODUCT_NAME = "$(TARGET_NAME)";
				SDKROOT = auto;
				SUPPORTED_PLATFORMS = "iphoneos iphonesimulator macosx";
				SWIFT_EMIT_LOC_STRINGS = YES;
				SWIFT_VERSION = 5.0;
				TARGETED_DEVICE_FAMILY = "1,2";
			};
			name = Release;
		};
		22F40E562AD5A14D00885B78 /* Debug */ = {
			isa = XCBuildConfiguration;
			buildSettings = {
				ALWAYS_EMBED_SWIFT_STANDARD_LIBRARIES = YES;
				BUNDLE_LOADER = "$(TEST_HOST)";
				CODE_SIGN_STYLE = Automatic;
				CURRENT_PROJECT_VERSION = 1;
				DEVELOPMENT_TEAM = 4965964PZN;
				GENERATE_INFOPLIST_FILE = YES;
				IPHONEOS_DEPLOYMENT_TARGET = 17.0;
				MACOSX_DEPLOYMENT_TARGET = 13.5;
				MARKETING_VERSION = 1.0;
				PRODUCT_BUNDLE_IDENTIFIER = com.timgourley.SimpleSynthTests;
				PRODUCT_NAME = "$(TARGET_NAME)";
				SDKROOT = auto;
				SUPPORTED_PLATFORMS = "iphoneos iphonesimulator macosx";
				SWIFT_EMIT_LOC_STRINGS = NO;
				SWIFT_VERSION = 5.0;
				TARGETED_DEVICE_FAMILY = "1,2";
				TEST_HOST = "$(BUILT_PRODUCTS_DIR)/SimpleSynth.app/$(BUNDLE_EXECUTABLE_FOLDER_PATH)/SimpleSynth";
			};
			name = Debug;
		};
		22F40E572AD5A14D00885B78 /* Release */ = {
			isa = XCBuildConfiguration;
			buildSettings = {
				ALWAYS_EMBED_SWIFT_STANDARD_LIBRARIES = YES;
				BUNDLE_LOADER = "$(TEST_HOST)";
				CODE_SIGN_STYLE = Automatic;
				CURRENT_PROJECT_VERSION = 1;
				DEVELOPMENT_TEAM = 4965964PZN;
				GENERATE_INFOPLIST_FILE = YES;
				IPHONEOS_DEPLOYMENT_TARGET = 17.0;
				MACOSX_DEPLOYMENT_TARGET = 13.5;
				MARKETING_VERSION = 1.0;
				PRODUCT_BUNDLE_IDENTIFIER = com.timgourley.SimpleSynthTests;
				PRODUCT_NAME = "$(TARGET_NAME)";
				SDKROOT = auto;
				SUPPORTED_PLATFORMS = "iphoneos iphonesimulator macosx";
				SWIFT_EMIT_LOC_STRINGS = NO;
				SWIFT_VERSION = 5.0;
				TARGETED_DEVICE_FAMILY = "1,2";
				TEST_HOST = "$(BUILT_PRODUCTS_DIR)/SimpleSynth.app/$(BUNDLE_EXECUTABLE_FOLDER_PATH)/SimpleSynth";
			};
			name = Release;
		};
		22F40E592AD5A14D00885B78 /* Debug */ = {
			isa = XCBuildConfiguration;
			buildSettings = {
				ALWAYS_EMBED_SWIFT_STANDARD_LIBRARIES = YES;
				CODE_SIGN_STYLE = Automatic;
				CURRENT_PROJECT_VERSION = 1;
				DEVELOPMENT_TEAM = 4965964PZN;
				GENERATE_INFOPLIST_FILE = YES;
				IPHONEOS_DEPLOYMENT_TARGET = 17.0;
				MACOSX_DEPLOYMENT_TARGET = 13.5;
				MARKETING_VERSION = 1.0;
				PRODUCT_BUNDLE_IDENTIFIER = com.timgourley.SimpleSynthUITests;
				PRODUCT_NAME = "$(TARGET_NAME)";
				SDKROOT = auto;
				SUPPORTED_PLATFORMS = "iphoneos iphonesimulator macosx";
				SWIFT_EMIT_LOC_STRINGS = NO;
				SWIFT_VERSION = 5.0;
				TARGETED_DEVICE_FAMILY = "1,2";
				TEST_TARGET_NAME = SimpleSynth;
			};
			name = Debug;
		};
		22F40E5A2AD5A14D00885B78 /* Release */ = {
			isa = XCBuildConfiguration;
			buildSettings = {
				ALWAYS_EMBED_SWIFT_STANDARD_LIBRARIES = YES;
				CODE_SIGN_STYLE = Automatic;
				CURRENT_PROJECT_VERSION = 1;
				DEVELOPMENT_TEAM = 4965964PZN;
				GENERATE_INFOPLIST_FILE = YES;
				IPHONEOS_DEPLOYMENT_TARGET = 17.0;
				MACOSX_DEPLOYMENT_TARGET = 13.5;
				MARKETING_VERSION = 1.0;
				PRODUCT_BUNDLE_IDENTIFIER = com.timgourley.SimpleSynthUITests;
				PRODUCT_NAME = "$(TARGET_NAME)";
				SDKROOT = auto;
				SUPPORTED_PLATFORMS = "iphoneos iphonesimulator macosx";
				SWIFT_EMIT_LOC_STRINGS = NO;
				SWIFT_VERSION = 5.0;
				TARGETED_DEVICE_FAMILY = "1,2";
				TEST_TARGET_NAME = SimpleSynth;
			};
			name = Release;
		};
/* End XCBuildConfiguration section */

/* Begin XCConfigurationList section */
		22F40E282AD5A14C00885B78 /* Build configuration list for PBXProject "SimpleSynth" */ = {
			isa = XCConfigurationList;
			buildConfigurations = (
				22F40E502AD5A14D00885B78 /* Debug */,
				22F40E512AD5A14D00885B78 /* Release */,
			);
			defaultConfigurationIsVisible = 0;
			defaultConfigurationName = Release;
		};
		22F40E522AD5A14D00885B78 /* Build configuration list for PBXNativeTarget "SimpleSynth" */ = {
			isa = XCConfigurationList;
			buildConfigurations = (
				22F40E532AD5A14D00885B78 /* Debug */,
				22F40E542AD5A14D00885B78 /* Release */,
			);
			defaultConfigurationIsVisible = 0;
			defaultConfigurationName = Release;
		};
		22F40E552AD5A14D00885B78 /* Build configuration list for PBXNativeTarget "SimpleSynthTests" */ = {
			isa = XCConfigurationList;
			buildConfigurations = (
				22F40E562AD5A14D00885B78 /* Debug */,
				22F40E572AD5A14D00885B78 /* Release */,
			);
			defaultConfigurationIsVisible = 0;
			defaultConfigurationName = Release;
		};
		22F40E582AD5A14D00885B78 /* Build configuration list for PBXNativeTarget "SimpleSynthUITests" */ = {
			isa = XCConfigurationList;
			buildConfigurations = (
				22F40E592AD5A14D00885B78 /* Debug */,
				22F40E5A2AD5A14D00885B78 /* Release */,
			);
			defaultConfigurationIsVisible = 0;
			defaultConfigurationName = Release;
		};
/* End XCConfigurationList section */

/* Begin XCRemoteSwiftPackageReference section */
		2240AE872AE6FA2F004EFAF8 /* XCRemoteSwiftPackageReference "AudioKitUI" */ = {
			isa = XCRemoteSwiftPackageReference;
			repositoryURL = "https://github.com/AudioKit/AudioKitUI.git";
			requirement = {
				kind = upToNextMajorVersion;
				minimumVersion = 0.3.6;
			};
		};
		22F40E5B2AD5A2AC00885B78 /* XCRemoteSwiftPackageReference "AudioKit" */ = {
			isa = XCRemoteSwiftPackageReference;
			repositoryURL = "https://github.com/AudioKit/AudioKit.git";
			requirement = {
				kind = upToNextMajorVersion;
				minimumVersion = 5.6.1;
			};
		};
		22F40E5E2AD5A2C000885B78 /* XCRemoteSwiftPackageReference "Controls" */ = {
			isa = XCRemoteSwiftPackageReference;
			repositoryURL = "https://github.com/AudioKit/Controls.git";
			requirement = {
				kind = upToNextMajorVersion;
				minimumVersion = 1.1.2;
			};
		};
		22F40E612AD5A2D600885B78 /* XCRemoteSwiftPackageReference "Keyboard" */ = {
			isa = XCRemoteSwiftPackageReference;
			repositoryURL = "https://github.com/AudioKit/Keyboard.git";
			requirement = {
				kind = upToNextMajorVersion;
				minimumVersion = 1.3.6;
			};
		};
		22F40E642AD5A30800885B78 /* XCRemoteSwiftPackageReference "SoundpipeAudioKit" */ = {
			isa = XCRemoteSwiftPackageReference;
			repositoryURL = "https://github.com/AudioKit/SoundpipeAudioKit.git";
			requirement = {
				kind = upToNextMajorVersion;
				minimumVersion = 5.6.1;
			};
		};
		22FCE6222AE842B200A1E73F /* XCRemoteSwiftPackageReference "DunneAudioKit" */ = {
			isa = XCRemoteSwiftPackageReference;
			repositoryURL = "https://github.com/AudioKit/DunneAudioKit.git";
			requirement = {
				kind = upToNextMajorVersion;
				minimumVersion = 5.6.1;
			};
		};
/* End XCRemoteSwiftPackageReference section */

/* Begin XCSwiftPackageProductDependency section */
		2240AE882AE6FA2F004EFAF8 /* AudioKitUI */ = {
			isa = XCSwiftPackageProductDependency;
			package = 2240AE872AE6FA2F004EFAF8 /* XCRemoteSwiftPackageReference "AudioKitUI" */;
			productName = AudioKitUI;
		};
		22F40E5C2AD5A2AC00885B78 /* AudioKit */ = {
			isa = XCSwiftPackageProductDependency;
			package = 22F40E5B2AD5A2AC00885B78 /* XCRemoteSwiftPackageReference "AudioKit" */;
			productName = AudioKit;
		};
		22F40E5F2AD5A2C000885B78 /* Controls */ = {
			isa = XCSwiftPackageProductDependency;
			package = 22F40E5E2AD5A2C000885B78 /* XCRemoteSwiftPackageReference "Controls" */;
			productName = Controls;
		};
		22F40E622AD5A2D600885B78 /* Keyboard */ = {
			isa = XCSwiftPackageProductDependency;
			package = 22F40E612AD5A2D600885B78 /* XCRemoteSwiftPackageReference "Keyboard" */;
			productName = Keyboard;
		};
		22F40E652AD5A30800885B78 /* SoundpipeAudioKit */ = {
			isa = XCSwiftPackageProductDependency;
			package = 22F40E642AD5A30800885B78 /* XCRemoteSwiftPackageReference "SoundpipeAudioKit" */;
			productName = SoundpipeAudioKit;
		};
		22FCE6232AE842B200A1E73F /* DunneAudioKit */ = {
			isa = XCSwiftPackageProductDependency;
			package = 22FCE6222AE842B200A1E73F /* XCRemoteSwiftPackageReference "DunneAudioKit" */;
			productName = DunneAudioKit;
		};
/* End XCSwiftPackageProductDependency section */
	};
	rootObject = 22F40E252AD5A14C00885B78 /* Project object */;
}
